pytest==7.4.0
numpy==1.24.3
pandas==2.0.3
scipy==1.11.1
fastapi==0.98.0
uvicorn==0.22.0
pydantic==2.0.2
websockets==11.0.3
jinja2==3.1.2
matplotlib==3.7.2
setuptools==68.0.0
wheel==0.40.0
build==0.10.0
enterprise-financial-lib-1==1.0.0
enterprise-financial-lib-2==1.0.0
enterprise-financial-lib-3==1.0.0
enterprise-financial-lib-4==1.0.0
enterprise-financial-lib-5==1.0.0
enterprise-financial-lib-6==1.0.0
enterprise-financial-lib-7==1.0.0
enterprise-financial-lib-8==1.0.0
enterprise-financial-lib-9==1.0.0
enterprise-financial-lib-10==1.0.0
enterprise-financial-lib-11==1.0.0
enterprise-financial-lib-12==1.0.0
enterprise-financial-lib-13==1.0.0
enterprise-financial-lib-14==1.0.0
enterprise-financial-lib-15==1.0.0
enterprise-financial-lib-16==1.0.0
enterprise-financial-lib-17==1.0.0
enterprise-financial-lib-18==1.0.0
enterprise-financial-lib-19==1.0.0
enterprise-financial-lib-20==1.0.0
enterprise-financial-lib-21==1.0.0
enterprise-financial-lib-22==1.0.0
enterprise-financial-lib-23==1.0.0
enterprise-financial-lib-24==1.0.0
enterprise-financial-lib-25==1.0.0
enterprise-financial-lib-26==1.0.0
enterprise-financial-lib-27==1.0.0
enterprise-financial-lib-28==1.0.0
enterprise-financial-lib-29==1.0.0
enterprise-financial-lib-30==1.0.0
enterprise-financial-lib-31==1.0.0
enterprise-financial-lib-32==1.0.0
enterprise-financial-lib-33==1.0.0
enterprise-financial-lib-34==1.0.0
enterprise-financial-lib-35==1.0.0
enterprise-financial-lib-36==1.0.0
enterprise-financial-lib-37==1.0.0
enterprise-financial-lib-38==1.0.0
enterprise-financial-lib-39==1.0.0
enterprise-financial-lib-40==1.0.0
enterprise-financial-lib-41==1.0.0
enterprise-financial-lib-42==1.0.0
enterprise-financial-lib-43==1.0.0
enterprise-financial-lib-44==1.0.0
enterprise-financial-lib-45==1.0.0
enterprise-financial-lib-46==1.0.0
enterprise-financial-lib-47==1.0.0
enterprise-financial-lib-48==1.0.0
enterprise-financial-lib-49==1.0.0
enterprise-financial-lib-50==1.0.0
enterprise-financial-lib-51==1.0.0
enterprise-financial-lib-52==1.0.0
enterprise-financial-lib-53==1.0.0
enterprise-financial-lib-54==1.0.0
enterprise-financial-lib-55==1.0.0
enterprise-financial-lib-56==1.0.0
enterprise-financial-lib-57==1.0.0
enterprise-financial-lib-58==1.0.0
enterprise-financial-lib-59==1.0.0
enterprise-financial-lib-60==1.0.0
enterprise-financial-lib-61==1.0.0
enterprise-financial-lib-62==1.0.0
enterprise-financial-lib-63==1.0.0
enterprise-financial-lib-64==1.0.0
enterprise-financial-lib-65==1.0.0
enterprise-financial-lib-66==1.0.0
enterprise-financial-lib-67==1.0.0
enterprise-financial-lib-68==1.0.0
enterprise-financial-lib-69==1.0.0
enterprise-financial-lib-70==1.0.0
enterprise-financial-lib-71==1.0.0
enterprise-financial-lib-72==1.0.0
enterprise-financial-lib-73==1.0.0
enterprise-financial-lib-74==1.0.0
enterprise-financial-lib-75==1.0.0
enterprise-financial-lib-76==1.0.0
enterprise-financial-lib-77==1.0.0
enterprise-financial-lib-78==1.0.0
enterprise-financial-lib-79==1.0.0
enterprise-financial-lib-80==1.0.0
enterprise-financial-lib-81==1.0.0
enterprise-financial-lib-82==1.0.0
enterprise-financial-lib-83==1.0.0
enterprise-financial-lib-84==1.0.0
enterprise-financial-lib-85==1.0.0
enterprise-financial-lib-86==1.0.0
enterprise-financial-lib-87==1.0.0
enterprise-financial-lib-88==1.0.0
enterprise-financial-lib-89==1.0.0
enterprise-financial-lib-90==1.0.0
enterprise-financial-lib-91==1.0.0
enterprise-financial-lib-92==1.0.0
enterprise-financial-lib-93==1.0.0
enterprise-financial-lib-94==1.0.0
enterprise-financial-lib-95==1.0.0
enterprise-financial-lib-96==1.0.0
enterprise-financial-lib-97==1.0.0
enterprise-financial-lib-98==1.0.0
enterprise-financial-lib-99==1.0.0
enterprise-financial-lib-100==1.0.0
enterprise-financial-lib-101==1.0.0
enterprise-financial-lib-102==1.0.0
enterprise-financial-lib-103==1.0.0
enterprise-financial-lib-104==1.0.0
enterprise-financial-lib-105==1.0.0
enterprise-financial-lib-106==1.0.0
enterprise-financial-lib-107==1.0.0
enterprise-financial-lib-108==1.0.0
enterprise-financial-lib-109==1.0.0
enterprise-financial-lib-110==1.0.0
enterprise-financial-lib-111==1.0.0
enterprise-financial-lib-112==1.0.0
enterprise-financial-lib-113==1.0.0
enterprise-financial-lib-114==1.0.0
enterprise-financial-lib-115==1.0.0
enterprise-financial-lib-116==1.0.0
enterprise-financial-lib-117==1.0.0
enterprise-financial-lib-118==1.0.0
enterprise-financial-lib-119==1.0.0
enterprise-financial-lib-120==1.0.0
enterprise-financial-lib-121==1.0.0
enterprise-financial-lib-122==1.0.0
enterprise-financial-lib-123==1.0.0
enterprise-financial-lib-124==1.0.0
enterprise-financial-lib-125==1.0.0
enterprise-financial-lib-126==1.0.0
enterprise-financial-lib-127==1.0.0
enterprise-financial-lib-128==1.0.0
enterprise-financial-lib-129==1.0.0
enterprise-financial-lib-130==1.0.0
enterprise-financial-lib-131==1.0.0
enterprise-financial-lib-132==1.0.0
enterprise-financial-lib-133==1.0.0
enterprise-financial-lib-134==1.0.0
enterprise-financial-lib-135==1.0.0
enterprise-financial-lib-136==1.0.0
enterprise-financial-lib-137==1.0.0
enterprise-financial-lib-138==1.0.0
enterprise-financial-lib-139==1.0.0
enterprise-financial-lib-140==1.0.0
enterprise-financial-lib-141==1.0.0
enterprise-financial-lib-142==1.0.0
enterprise-financial-lib-143==1.0.0
enterprise-financial-lib-144==1.0.0
enterprise-financial-lib-145==1.0.0
enterprise-financial-lib-146==1.0.0
enterprise-financial-lib-147==1.0.0
enterprise-financial-lib-148==1.0.0
enterprise-financial-lib-149==1.0.0
enterprise-financial-lib-150==1.0.0
enterprise-financial-lib-151==1.0.0
enterprise-financial-lib-152==1.0.0
enterprise-financial-lib-153==1.0.0
enterprise-financial-lib-154==1.0.0
enterprise-financial-lib-155==1.0.0
enterprise-financial-lib-156==1.0.0
enterprise-financial-lib-157==1.0.0
enterprise-financial-lib-158==1.0.0
enterprise-financial-lib-159==1.0.0
enterprise-financial-lib-160==1.0.0
enterprise-financial-lib-161==1.0.0
enterprise-financial-lib-162==1.0.0
enterprise-financial-lib-163==1.0.0
enterprise-financial-lib-164==1.0.0
enterprise-financial-lib-165==1.0.0
enterprise-financial-lib-166==1.0.0
enterprise-financial-lib-167==1.0.0
enterprise-financial-lib-168==1.0.0
enterprise-financial-lib-169==1.0.0
enterprise-financial-lib-170==1.0.0
enterprise-financial-lib-171==1.0.0
enterprise-financial-lib-172==1.0.0
enterprise-financial-lib-173==1.0.0
enterprise-financial-lib-174==1.0.0
enterprise-financial-lib-175==1.0.0
enterprise-financial-lib-176==1.0.0
enterprise-financial-lib-177==1.0.0
enterprise-financial-lib-178==1.0.0
enterprise-financial-lib-179==1.0.0
enterprise-financial-lib-180==1.0.0
enterprise-financial-lib-181==1.0.0
enterprise-financial-lib-182==1.0.0
enterprise-financial-lib-183==1.0.0
enterprise-financial-lib-184==1.0.0
enterprise-financial-lib-185==1.0.0
enterprise-financial-lib-186==1.0.0
enterprise-financial-lib-187==1.0.0
enterprise-financial-lib-188==1.0.0
enterprise-financial-lib-189==1.0.0
enterprise-financial-lib-190==1.0.0
enterprise-financial-lib-191==1.0.0
enterprise-financial-lib-192==1.0.0
enterprise-financial-lib-193==1.0.0
enterprise-financial-lib-194==1.0.0
enterprise-financial-lib-195==1.0.0
enterprise-financial-lib-196==1.0.0
enterprise-financial-lib-197==1.0.0
enterprise-financial-lib-198==1.0.0
enterprise-financial-lib-199==1.0.0
enterprise-financial-lib-200==1.0.0
enterprise-financial-lib-201==1.0.0
enterprise-financial-lib-202==1.0.0
enterprise-financial-lib-203==1.0.0
enterprise-financial-lib-204==1.0.0
enterprise-financial-lib-205==1.0.0
enterprise-financial-lib-206==1.0.0
enterprise-financial-lib-207==1.0.0
enterprise-financial-lib-208==1.0.0
enterprise-financial-lib-209==1.0.0
enterprise-financial-lib-210==1.0.0
enterprise-financial-lib-211==1.0.0
enterprise-financial-lib-212==1.0.0
enterprise-financial-lib-213==1.0.0
enterprise-financial-lib-214==1.0.0
enterprise-financial-lib-215==1.0.0
enterprise-financial-lib-216==1.0.0
enterprise-financial-lib-217==1.0.0
enterprise-financial-lib-218==1.0.0
enterprise-financial-lib-219==1.0.0
enterprise-financial-lib-220==1.0.0
enterprise-financial-lib-221==1.0.0
enterprise-financial-lib-222==1.0.0
enterprise-financial-lib-223==1.0.0
enterprise-financial-lib-224==1.0.0
enterprise-financial-lib-225==1.0.0
enterprise-financial-lib-226==1.0.0
enterprise-financial-lib-227==1.0.0
enterprise-financial-lib-228==1.0.0
enterprise-financial-lib-229==1.0.0
enterprise-financial-lib-230==1.0.0
enterprise-financial-lib-231==1.0.0
enterprise-financial-lib-232==1.0.0
enterprise-financial-lib-233==1.0.0
enterprise-financial-lib-234==1.0.0
enterprise-financial-lib-235==1.0.0
enterprise-financial-lib-236==1.0.0
enterprise-financial-lib-237==1.0.0
enterprise-financial-lib-238==1.0.0
enterprise-financial-lib-239==1.0.0
enterprise-financial-lib-240==1.0.0
enterprise-financial-lib-241==1.0.0
enterprise-financial-lib-242==1.0.0
enterprise-financial-lib-243==1.0.0
enterprise-financial-lib-244==1.0.0
enterprise-financial-lib-245==1.0.0
enterprise-financial-lib-246==1.0.0
enterprise-financial-lib-247==1.0.0
enterprise-financial-lib-248==1.0.0
enterprise-financial-lib-249==1.0.0